{
  "nodes": {
    "crane": {
      "inputs": {
        "nixpkgs": [
          "nixpkgs"
        ]
      },
      "locked": {
        "lastModified": 1724006180,
        "narHash": "sha256-PVxPj0Ga2fMYMtcT9ARCthF+4U71YkOT7ZjgD/vf1Aw=",
        "owner": "ipetkov",
        "repo": "crane",
        "rev": "7ce92819802bc583b7e82ebc08013a530f22209f",
        "type": "github"
      },
      "original": {
        "owner": "ipetkov",
        "repo": "crane",
        "type": "github"
      }
    },
    "fenix": {
      "inputs": {
        "nixpkgs": [
          "nixpkgs"
        ],
        "rust-analyzer-src": "rust-analyzer-src"
      },
      "locked": {
        "lastModified": 1724135364,
        "narHash": "sha256-DuPnJXOeigXK8xQdP6BBc6MqJ9p4TzvNUqSrB2P1GQ4=",
        "owner": "nix-community",
        "repo": "fenix",
        "rev": "b6a1c29a8f460af63f66cad2b5acf3b78867603e",
        "type": "github"
      },
      "original": {
        "owner": "nix-community",
        "repo": "fenix",
        "type": "github"
      }
    },
    "flake-utils": {
      "inputs": {
        "systems": "systems"
      },
      "locked": {
        "lastModified": 1710146030,
        "narHash": "sha256-SZ5L6eA7HJ/nmkzGG7/ISclqe6oZdOZTNoesiInkXPQ=",
        "owner": "numtide",
        "repo": "flake-utils",
        "rev": "b1d9ab70662946ef0850d488da1c9019f3a9752a",
        "type": "github"
      },
      "original": {
        "owner": "numtide",
        "repo": "flake-utils",
        "type": "github"
      }
    },
    "nixpkgs": {
      "locked": {
        "lastModified": 1724114134,
        "narHash": "sha256-V/w5MIQy4jTG/L7/V/AL2BF5gSEWCfxHVDQdzLBCV18=",
        "owner": "NixOS",
        "repo": "nixpkgs",
        "rev": "f02fa2f654c7bcc45f0e815c29d093da7f1245b4",
        "type": "github"
      },
      "original": {
        "id": "nixpkgs",
        "ref": "nixpkgs-unstable",
        "type": "indirect"
      }
    },
    "root": {
      "inputs": {
        "crane": "crane",
        "fenix": "fenix",
        "flake-utils": "flake-utils",
        "nixpkgs": "nixpkgs"
      }
    },
    "rust-analyzer-src": {
      "flake": false,
      "locked": {
        "lastModified": 1724088625,
        "narHash": "sha256-vgSBWgUKRyT0ZRZYj43GZkZzPEKgNodCuX/uofqlPsc=",
        "owner": "rust-lang",
        "repo": "rust-analyzer",
        "rev": "979e3b54f70f6f231c117a5d628b98106e5c7d31",
        "type": "github"
      },
      "original": {
        "owner": "rust-lang",
        "ref": "nightly",
        "repo": "rust-analyzer",
        "type": "github"
      }
    },
    "systems": {
      "locked": {
        "lastModified": 1681028828,
        "narHash": "sha256-Vy1rq5AaRuLzOxct8nz4T6wlgyUR7zLU309k9mBC768=",
        "owner": "nix-systems",
        "repo": "default",
        "rev": "da67096a3b9bf56a91d16901293e51ba5b49a27e",
        "type": "github"
      },
      "original": {
        "owner": "nix-systems",
        "repo": "default",
        "type": "github"
      }
    }
  },
  "root": "root",
  "version": 7
}
